
Microsoft Visual Studio Solution File, Format Version 12.00
# Visual Studio 15
VisualStudioVersion = 15.0.27130.2036
MinimumVisualStudioVersion = 10.0.40219.1
Project("{FAE04EC0-301F-11D3-BF4B-00C04F79EFBC}") = "Factorial", "RecursionAlgorithms\Factorial.csproj", "{E983E158-7754-45FB-BA1E-67F0B92CD34A}"
EndProject
Project("{FAE04EC0-301F-11D3-BF4B-00C04F79EFBC}") = "Fibonachi", "Fibonachi\Fibonachi.csproj", "{CEF70A43-B408-4778-8A59-28647A2F791A}"
EndProject
Project("{FAE04EC0-301F-11D3-BF4B-00C04F79EFBC}") = "MaxElement", "MaxElement\MaxElement.csproj", "{8573FF74-B6B4-4CE4-828E-996A7F98C828}"
EndProject
Project("{FAE04EC0-301F-11D3-BF4B-00C04F79EFBC}") = "CountryStatue", "CountryStatue\CountryStatue.csproj", "{F8A764A1-419E-4E21-939C-354504743419}"
EndProject
Project("{FAE04EC0-301F-11D3-BF4B-00C04F79EFBC}") = "K_Th_Min", "Pivot\K_Th_Min.csproj", "{2B65A2DF-72BE-40BD-963B-039D33738A9A}"
EndProject
Project("{FAE04EC0-301F-11D3-BF4B-00C04F79EFBC}") = "BinarySearch", "BinarySearch\BinarySearch.csproj", "{C961A51A-8AE8-4988-AB9A-957AEFBD3E12}"
EndProject
Project("{FAE04EC0-301F-11D3-BF4B-00C04F79EFBC}") = "HanoyAshtarak", "HanoyAshtarak\HanoyAshtarak.csproj", "{ED087F18-519D-4C5C-A211-DBF9A23A6EDA}"
EndProject
Global
	GlobalSection(SolutionConfigurationPlatforms) = preSolution
		Debug|Any CPU = Debug|Any CPU
		Debug|x64 = Debug|x64
		Debug|x86 = Debug|x86
		Release|Any CPU = Release|Any CPU
		Release|x64 = Release|x64
		Release|x86 = Release|x86
	EndGlobalSection
	GlobalSection(ProjectConfigurationPlatforms) = postSolution
		{E983E158-7754-45FB-BA1E-67F0B92CD34A}.Debug|Any CPU.ActiveCfg = Debug|Any CPU
		{E983E158-7754-45FB-BA1E-67F0B92CD34A}.Debug|Any CPU.Build.0 = Debug|Any CPU
		{E983E158-7754-45FB-BA1E-67F0B92CD34A}.Debug|x64.ActiveCfg = Debug|Any CPU
		{E983E158-7754-45FB-BA1E-67F0B92CD34A}.Debug|x64.Build.0 = Debug|Any CPU
		{E983E158-7754-45FB-BA1E-67F0B92CD34A}.Debug|x86.ActiveCfg = Debug|Any CPU
		{E983E158-7754-45FB-BA1E-67F0B92CD34A}.Debug|x86.Build.0 = Debug|Any CPU
		{E983E158-7754-45FB-BA1E-67F0B92CD34A}.Release|Any CPU.ActiveCfg = Release|Any CPU
		{E983E158-7754-45FB-BA1E-67F0B92CD34A}.Release|Any CPU.Build.0 = Release|Any CPU
		{E983E158-7754-45FB-BA1E-67F0B92CD34A}.Release|x64.ActiveCfg = Release|Any CPU
		{E983E158-7754-45FB-BA1E-67F0B92CD34A}.Release|x64.Build.0 = Release|Any CPU
		{E983E158-7754-45FB-BA1E-67F0B92CD34A}.Release|x86.ActiveCfg = Release|Any CPU
		{E983E158-7754-45FB-BA1E-67F0B92CD34A}.Release|x86.Build.0 = Release|Any CPU
		{CEF70A43-B408-4778-8A59-28647A2F791A}.Debug|Any CPU.ActiveCfg = Debug|Any CPU
		{CEF70A43-B408-4778-8A59-28647A2F791A}.Debug|Any CPU.Build.0 = Debug|Any CPU
		{CEF70A43-B408-4778-8A59-28647A2F791A}.Debug|x64.ActiveCfg = Debug|Any CPU
		{CEF70A43-B408-4778-8A59-28647A2F791A}.Debug|x64.Build.0 = Debug|Any CPU
		{CEF70A43-B408-4778-8A59-28647A2F791A}.Debug|x86.ActiveCfg = Debug|Any CPU
		{CEF70A43-B408-4778-8A59-28647A2F791A}.Debug|x86.Build.0 = Debug|Any CPU
		{CEF70A43-B408-4778-8A59-28647A2F791A}.Release|Any CPU.ActiveCfg = Release|Any CPU
		{CEF70A43-B408-4778-8A59-28647A2F791A}.Release|Any CPU.Build.0 = Release|Any CPU
		{CEF70A43-B408-4778-8A59-28647A2F791A}.Release|x64.ActiveCfg = Release|Any CPU
		{CEF70A43-B408-4778-8A59-28647A2F791A}.Release|x64.Build.0 = Release|Any CPU
		{CEF70A43-B408-4778-8A59-28647A2F791A}.Release|x86.ActiveCfg = Release|Any CPU
		{CEF70A43-B408-4778-8A59-28647A2F791A}.Release|x86.Build.0 = Release|Any CPU
		{8573FF74-B6B4-4CE4-828E-996A7F98C828}.Debug|Any CPU.ActiveCfg = Debug|Any CPU
		{8573FF74-B6B4-4CE4-828E-996A7F98C828}.Debug|Any CPU.Build.0 = Debug|Any CPU
		{8573FF74-B6B4-4CE4-828E-996A7F98C828}.Debug|x64.ActiveCfg = Debug|Any CPU
		{8573FF74-B6B4-4CE4-828E-996A7F98C828}.Debug|x64.Build.0 = Debug|Any CPU
		{8573FF74-B6B4-4CE4-828E-996A7F98C828}.Debug|x86.ActiveCfg = Debug|Any CPU
		{8573FF74-B6B4-4CE4-828E-996A7F98C828}.Debug|x86.Build.0 = Debug|Any CPU
		{8573FF74-B6B4-4CE4-828E-996A7F98C828}.Release|Any CPU.ActiveCfg = Release|Any CPU
		{8573FF74-B6B4-4CE4-828E-996A7F98C828}.Release|Any CPU.Build.0 = Release|Any CPU
		{8573FF74-B6B4-4CE4-828E-996A7F98C828}.Release|x64.ActiveCfg = Release|Any CPU
		{8573FF74-B6B4-4CE4-828E-996A7F98C828}.Release|x64.Build.0 = Release|Any CPU
		{8573FF74-B6B4-4CE4-828E-996A7F98C828}.Release|x86.ActiveCfg = Release|Any CPU
		{8573FF74-B6B4-4CE4-828E-996A7F98C828}.Release|x86.Build.0 = Release|Any CPU
		{F8A764A1-419E-4E21-939C-354504743419}.Debug|Any CPU.ActiveCfg = Debug|Any CPU
		{F8A764A1-419E-4E21-939C-354504743419}.Debug|Any CPU.Build.0 = Debug|Any CPU
		{F8A764A1-419E-4E21-939C-354504743419}.Debug|x64.ActiveCfg = Debug|Any CPU
		{F8A764A1-419E-4E21-939C-354504743419}.Debug|x64.Build.0 = Debug|Any CPU
		{F8A764A1-419E-4E21-939C-354504743419}.Debug|x86.ActiveCfg = Debug|Any CPU
		{F8A764A1-419E-4E21-939C-354504743419}.Debug|x86.Build.0 = Debug|Any CPU
		{F8A764A1-419E-4E21-939C-354504743419}.Release|Any CPU.ActiveCfg = Release|Any CPU
		{F8A764A1-419E-4E21-939C-354504743419}.Release|Any CPU.Build.0 = Release|Any CPU
		{F8A764A1-419E-4E21-939C-354504743419}.Release|x64.ActiveCfg = Release|Any CPU
		{F8A764A1-419E-4E21-939C-354504743419}.Release|x64.Build.0 = Release|Any CPU
		{F8A764A1-419E-4E21-939C-354504743419}.Release|x86.ActiveCfg = Release|Any CPU
		{F8A764A1-419E-4E21-939C-354504743419}.Release|x86.Build.0 = Release|Any CPU
		{2B65A2DF-72BE-40BD-963B-039D33738A9A}.Debug|Any CPU.ActiveCfg = Debug|Any CPU
		{2B65A2DF-72BE-40BD-963B-039D33738A9A}.Debug|Any CPU.Build.0 = Debug|Any CPU
		{2B65A2DF-72BE-40BD-963B-039D33738A9A}.Debug|x64.ActiveCfg = Debug|Any CPU
		{2B65A2DF-72BE-40BD-963B-039D33738A9A}.Debug|x64.Build.0 = Debug|Any CPU
		{2B65A2DF-72BE-40BD-963B-039D33738A9A}.Debug|x86.ActiveCfg = Debug|Any CPU
		{2B65A2DF-72BE-40BD-963B-039D33738A9A}.Debug|x86.Build.0 = Debug|Any CPU
		{2B65A2DF-72BE-40BD-963B-039D33738A9A}.Release|Any CPU.ActiveCfg = Release|Any CPU
		{2B65A2DF-72BE-40BD-963B-039D33738A9A}.Release|Any CPU.Build.0 = Release|Any CPU
		{2B65A2DF-72BE-40BD-963B-039D33738A9A}.Release|x64.ActiveCfg = Release|Any CPU
		{2B65A2DF-72BE-40BD-963B-039D33738A9A}.Release|x64.Build.0 = Release|Any CPU
		{2B65A2DF-72BE-40BD-963B-039D33738A9A}.Release|x86.ActiveCfg = Release|Any CPU
		{2B65A2DF-72BE-40BD-963B-039D33738A9A}.Release|x86.Build.0 = Release|Any CPU
		{C961A51A-8AE8-4988-AB9A-957AEFBD3E12}.Debug|Any CPU.ActiveCfg = Debug|Any CPU
		{C961A51A-8AE8-4988-AB9A-957AEFBD3E12}.Debug|Any CPU.Build.0 = Debug|Any CPU
		{C961A51A-8AE8-4988-AB9A-957AEFBD3E12}.Debug|x64.ActiveCfg = Debug|Any CPU
		{C961A51A-8AE8-4988-AB9A-957AEFBD3E12}.Debug|x64.Build.0 = Debug|Any CPU
		{C961A51A-8AE8-4988-AB9A-957AEFBD3E12}.Debug|x86.ActiveCfg = Debug|Any CPU
		{C961A51A-8AE8-4988-AB9A-957AEFBD3E12}.Debug|x86.Build.0 = Debug|Any CPU
		{C961A51A-8AE8-4988-AB9A-957AEFBD3E12}.Release|Any CPU.ActiveCfg = Release|Any CPU
		{C961A51A-8AE8-4988-AB9A-957AEFBD3E12}.Release|Any CPU.Build.0 = Release|Any CPU
		{C961A51A-8AE8-4988-AB9A-957AEFBD3E12}.Release|x64.ActiveCfg = Release|Any CPU
		{C961A51A-8AE8-4988-AB9A-957AEFBD3E12}.Release|x64.Build.0 = Release|Any CPU
		{C961A51A-8AE8-4988-AB9A-957AEFBD3E12}.Release|x86.ActiveCfg = Release|Any CPU
		{C961A51A-8AE8-4988-AB9A-957AEFBD3E12}.Release|x86.Build.0 = Release|Any CPU
		{ED087F18-519D-4C5C-A211-DBF9A23A6EDA}.Debug|Any CPU.ActiveCfg = Debug|Any CPU
		{ED087F18-519D-4C5C-A211-DBF9A23A6EDA}.Debug|Any CPU.Build.0 = Debug|Any CPU
		{ED087F18-519D-4C5C-A211-DBF9A23A6EDA}.Debug|x64.ActiveCfg = Debug|Any CPU
		{ED087F18-519D-4C5C-A211-DBF9A23A6EDA}.Debug|x64.Build.0 = Debug|Any CPU
		{ED087F18-519D-4C5C-A211-DBF9A23A6EDA}.Debug|x86.ActiveCfg = Debug|Any CPU
		{ED087F18-519D-4C5C-A211-DBF9A23A6EDA}.Debug|x86.Build.0 = Debug|Any CPU
		{ED087F18-519D-4C5C-A211-DBF9A23A6EDA}.Release|Any CPU.ActiveCfg = Release|Any CPU
		{ED087F18-519D-4C5C-A211-DBF9A23A6EDA}.Release|Any CPU.Build.0 = Release|Any CPU
		{ED087F18-519D-4C5C-A211-DBF9A23A6EDA}.Release|x64.ActiveCfg = Release|Any CPU
		{ED087F18-519D-4C5C-A211-DBF9A23A6EDA}.Release|x64.Build.0 = Release|Any CPU
		{ED087F18-519D-4C5C-A211-DBF9A23A6EDA}.Release|x86.ActiveCfg = Release|Any CPU
		{ED087F18-519D-4C5C-A211-DBF9A23A6EDA}.Release|x86.Build.0 = Release|Any CPU
	EndGlobalSection
	GlobalSection(SolutionProperties) = preSolution
		HideSolutionNode = FALSE
	EndGlobalSection
	GlobalSection(ExtensibilityGlobals) = postSolution
		SolutionGuid = {8BD24799-FD10-4852-8862-47CDD8B47A37}
	EndGlobalSection
EndGlobal
